Microsoft Visual Studio Solution File, Format Version 11.00
# Visual Studio 2008

Project("{B6D07B95-2E1E-501E-B557-589EB3DBB973}") = "RUISunity ver 2.0.0", "Assembly-CSharp-firstpass.csproj", "{0571D5C4-B266-CF11-D9AB-2C7D5D08A4AB}"
EndProject
Project("{B6D07B95-2E1E-501E-B557-589EB3DBB973}") = "RUISunity ver 2.0.0", "Assembly-CSharp.csproj", "{A80EF6AC-0A0F-D40C-AD52-5E450ED4C2C7}"
EndProject
Project("{B6D07B95-2E1E-501E-B557-589EB3DBB973}") = "RUISunity ver 2.0.0", "Assembly-CSharp-Editor-firstpass.csproj", "{C0811686-11F5-2D4D-C8BB-6E5280574B22}"
EndProject
Project("{B6D07B95-2E1E-501E-B557-589EB3DBB973}") = "RUISunity ver 2.0.0", "Assembly-CSharp-Editor.csproj", "{AF1734B0-BE68-95F0-9922-56BF492CA1D5}"
EndProject
Project("{B6D07B95-2E1E-501E-B557-589EB3DBB973}") = "RUISunity ver 2.0.0", "Assembly-UnityScript-firstpass.unityproj", "{EE4D0168-9738-FAD5-591F-41F57A7A5902}"
EndProject
Global
	GlobalSection(SolutionConfigurationPlatforms) = preSolution
		Debug|Any CPU = Debug|Any CPU
		Release|Any CPU = Release|Any CPU
	EndGlobalSection
	GlobalSection(ProjectConfigurationPlatforms) = postSolution
		{0571D5C4-B266-CF11-D9AB-2C7D5D08A4AB}.Debug|Any CPU.ActiveCfg = Debug|Any CPU
		{0571D5C4-B266-CF11-D9AB-2C7D5D08A4AB}.Debug|Any CPU.Build.0 = Debug|Any CPU
		{0571D5C4-B266-CF11-D9AB-2C7D5D08A4AB}.Release|Any CPU.ActiveCfg = Release|Any CPU
		{0571D5C4-B266-CF11-D9AB-2C7D5D08A4AB}.Release|Any CPU.Build.0 = Release|Any CPU
		{A80EF6AC-0A0F-D40C-AD52-5E450ED4C2C7}.Debug|Any CPU.ActiveCfg = Debug|Any CPU
		{A80EF6AC-0A0F-D40C-AD52-5E450ED4C2C7}.Debug|Any CPU.Build.0 = Debug|Any CPU
		{A80EF6AC-0A0F-D40C-AD52-5E450ED4C2C7}.Release|Any CPU.ActiveCfg = Release|Any CPU
		{A80EF6AC-0A0F-D40C-AD52-5E450ED4C2C7}.Release|Any CPU.Build.0 = Release|Any CPU
		{C0811686-11F5-2D4D-C8BB-6E5280574B22}.Debug|Any CPU.ActiveCfg = Debug|Any CPU
		{C0811686-11F5-2D4D-C8BB-6E5280574B22}.Debug|Any CPU.Build.0 = Debug|Any CPU
		{C0811686-11F5-2D4D-C8BB-6E5280574B22}.Release|Any CPU.ActiveCfg = Release|Any CPU
		{C0811686-11F5-2D4D-C8BB-6E5280574B22}.Release|Any CPU.Build.0 = Release|Any CPU
		{AF1734B0-BE68-95F0-9922-56BF492CA1D5}.Debug|Any CPU.ActiveCfg = Debug|Any CPU
		{AF1734B0-BE68-95F0-9922-56BF492CA1D5}.Debug|Any CPU.Build.0 = Debug|Any CPU
		{AF1734B0-BE68-95F0-9922-56BF492CA1D5}.Release|Any CPU.ActiveCfg = Release|Any CPU
		{AF1734B0-BE68-95F0-9922-56BF492CA1D5}.Release|Any CPU.Build.0 = Release|Any CPU
		{EE4D0168-9738-FAD5-591F-41F57A7A5902}.Debug|Any CPU.ActiveCfg = Debug|Any CPU
		{EE4D0168-9738-FAD5-591F-41F57A7A5902}.Debug|Any CPU.Build.0 = Debug|Any CPU
		{EE4D0168-9738-FAD5-591F-41F57A7A5902}.Release|Any CPU.ActiveCfg = Release|Any CPU
		{EE4D0168-9738-FAD5-591F-41F57A7A5902}.Release|Any CPU.Build.0 = Release|Any CPU
	EndGlobalSection
	GlobalSection(SolutionProperties) = preSolution
		HideSolutionNode = FALSE
	EndGlobalSection
		GlobalSection(MonoDevelopProperties) = preSolution
		StartupItem = Assembly-CSharp.csproj
		Policies = $0
		$0.TextStylePolicy = $1
		$1.inheritsSet = null
		$1.scope = text/x-csharp
		$0.CSharpFormattingPolicy = $2
		$2.inheritsSet = Mono
		$2.inheritsScope = text/x-csharp
		$2.scope = text/x-csharp
		$0.TextStylePolicy = $3
		$3.FileWidth = 120
		$3.TabWidth = 4
		$3.IndentWidth = 4
		$3.EolMarker = Unix
		$3.inheritsSet = Mono
		$3.inheritsScope = text/plain
		$3.scope = text/plain
	EndGlobalSection

EndGlobal
